// !$*UTF8*$!
{
	archiveVersion = 1;
	classes = {
	};
	objectVersion = 50;
	objects = {

/* Begin PBXBuildFile section */
		1FA9B88A211B1C0C0098C642 /* AppDelegate.swift in Sources */ = {isa = PBXBuildFile; fileRef = 1FA9B889211B1C0C0098C642 /* AppDelegate.swift */; };
		1FA9B88C211B1C0C0098C642 /* ViewController.swift in Sources */ = {isa = PBXBuildFile; fileRef = 1FA9B88B211B1C0C0098C642 /* ViewController.swift */; };
		1FA9B88F211B1C0C0098C642 /* Main.storyboard in Resources */ = {isa = PBXBuildFile; fileRef = 1FA9B88D211B1C0C0098C642 /* Main.storyboard */; };
		1FA9B891211B1C0C0098C642 /* Assets.xcassets in Resources */ = {isa = PBXBuildFile; fileRef = 1FA9B890211B1C0C0098C642 /* Assets.xcassets */; };
		1FA9B894211B1C0C0098C642 /* LaunchScreen.storyboard in Resources */ = {isa = PBXBuildFile; fileRef = 1FA9B892211B1C0C0098C642 /* LaunchScreen.storyboard */; };
		1FA9B89F211B1C0C0098C642 /* SegueEXPTests.swift in Sources */ = {isa = PBXBuildFile; fileRef = 1FA9B89E211B1C0C0098C642 /* SegueEXPTests.swift */; };
		1FA9B8AA211B1C0C0098C642 /* SegueEXPUITests.swift in Sources */ = {isa = PBXBuildFile; fileRef = 1FA9B8A9211B1C0C0098C642 /* SegueEXPUITests.swift */; };
		1FA9B8BA211B2E5B0098C642 /* BlueViewController.swift in Sources */ = {isa = PBXBuildFile; fileRef = 1FA9B8B9211B2E5B0098C642 /* BlueViewController.swift */; };
		1FA9B8BC211B2EF90098C642 /* GreenViewController.swift in Sources */ = {isa = PBXBuildFile; fileRef = 1FA9B8BB211B2EF90098C642 /* GreenViewController.swift */; };
/* End PBXBuildFile section */

/* Begin PBXContainerItemProxy section */
		1FA9B89B211B1C0C0098C642 /* PBXContainerItemProxy */ = {
			isa = PBXContainerItemProxy;
			containerPortal = 1FA9B87E211B1C0B0098C642 /* Project object */;
			proxyType = 1;
			remoteGlobalIDString = 1FA9B885211B1C0C0098C642;
			remoteInfo = SegueEXP;
		};
		1FA9B8A6211B1C0C0098C642 /* PBXContainerItemProxy */ = {
			isa = PBXContainerItemProxy;
			containerPortal = 1FA9B87E211B1C0B0098C642 /* Project object */;
			proxyType = 1;
			remoteGlobalIDString = 1FA9B885211B1C0C0098C642;
			remoteInfo = SegueEXP;
		};
/* End PBXContainerItemProxy section */

/* Begin PBXFileReference section */
		1FA9B886211B1C0C0098C642 /* SegueEXP.app */ = {isa = PBXFileReference; explicitFileType = wrapper.application; includeInIndex = 0; path = SegueEXP.app; sourceTree = BUILT_PRODUCTS_DIR; };
		1FA9B889211B1C0C0098C642 /* AppDelegate.swift */ = {isa = PBXFileReference; lastKnownFileType = sourcecode.swift; path = AppDelegate.swift; sourceTree = "<group>"; };
		1FA9B88B211B1C0C0098C642 /* ViewController.swift */ = {isa = PBXFileReference; lastKnownFileType = sourcecode.swift; path = ViewController.swift; sourceTree = "<group>"; };
		1FA9B88E211B1C0C0098C642 /* Base */ = {isa = PBXFileReference; lastKnownFileType = file.storyboard; name = Base; path = Base.lproj/Main.storyboard; sourceTree = "<group>"; };
		1FA9B890211B1C0C0098C642 /* Assets.xcassets */ = {isa = PBXFileReference; lastKnownFileType = folder.assetcatalog; path = Assets.xcassets; sourceTree = "<group>"; };
		1FA9B893211B1C0C0098C642 /* Base */ = {isa = PBXFileReference; lastKnownFileType = file.storyboard; name = Base; path = Base.lproj/LaunchScreen.storyboard; sourceTree = "<group>"; };
		1FA9B895211B1C0C0098C642 /* Info.plist */ = {isa = PBXFileReference; lastKnownFileType = text.plist.xml; path = Info.plist; sourceTree = "<group>"; };
		1FA9B89A211B1C0C0098C642 /* SegueEXPTests.xctest */ = {isa = PBXFileReference; explicitFileType = wrapper.cfbundle; includeInIndex = 0; path = SegueEXPTests.xctest; sourceTree = BUILT_PRODUCTS_DIR; };
		1FA9B89E211B1C0C0098C642 /* SegueEXPTests.swift */ = {isa = PBXFileReference; lastKnownFileType = sourcecode.swift; path = SegueEXPTests.swift; sourceTree = "<group>"; };
		1FA9B8A0211B1C0C0098C642 /* Info.plist */ = {isa = PBXFileReference; lastKnownFileType = text.plist.xml; path = Info.plist; sourceTree = "<group>"; };
		1FA9B8A5211B1C0C0098C642 /* SegueEXPUITests.xctest */ = {isa = PBXFileReference; explicitFileType = wrapper.cfbundle; includeInIndex = 0; path = SegueEXPUITests.xctest; sourceTree = BUILT_PRODUCTS_DIR; };
		1FA9B8A9211B1C0C0098C642 /* SegueEXPUITests.swift */ = {isa = PBXFileReference; lastKnownFileType = sourcecode.swift; path = SegueEXPUITests.swift; sourceTree = "<group>"; };
		1FA9B8AB211B1C0C0098C642 /* Info.plist */ = {isa = PBXFileReference; lastKnownFileType = text.plist.xml; path = Info.plist; sourceTree = "<group>"; };
		1FA9B8B9211B2E5B0098C642 /* BlueViewController.swift */ = {isa = PBXFileReference; lastKnownFileType = sourcecode.swift; path = BlueViewController.swift; sourceTree = "<group>"; };
		1FA9B8BB211B2EF90098C642 /* GreenViewController.swift */ = {isa = PBXFileReference; lastKnownFileType = sourcecode.swift; path = GreenViewController.swift; sourceTree = "<group>"; };
/* End PBXFileReference section */

/* Begin PBXFrameworksBuildPhase section */
		1FA9B883211B1C0C0098C642 /* Frameworks */ = {
			isa = PBXFrameworksBuildPhase;
			buildActionMask = 2147483647;
			files = (
			);
			runOnlyForDeploymentPostprocessing = 0;
		};
		1FA9B897211B1C0C0098C642 /* Frameworks */ = {
			isa = PBXFrameworksBuildPhase;
			buildActionMask = 2147483647;
			files = (
			);
			runOnlyForDeploymentPostprocessing = 0;
		};
		1FA9B8A2211B1C0C0098C642 /* Frameworks */ = {
			isa = PBXFrameworksBuildPhase;
			buildActionMask = 2147483647;
			files = (
			);
			runOnlyForDeploymentPostprocessing = 0;
		};
/* End PBXFrameworksBuildPhase section */

/* Begin PBXGroup section */
		1FA9B87D211B1C0B0098C642 = {
			isa = PBXGroup;
			children = (
				1FA9B888211B1C0C0098C642 /* SegueEXP */,
				1FA9B89D211B1C0C0098C642 /* SegueEXPTests */,
				1FA9B8A8211B1C0C0098C642 /* SegueEXPUITests */,
				1FA9B887211B1C0C0098C642 /* Products */,
			);
			sourceTree = "<group>";
		};
		1FA9B887211B1C0C0098C642 /* Products */ = {
			isa = PBXGroup;
			children = (
				1FA9B886211B1C0C0098C642 /* SegueEXP.app */,
				1FA9B89A211B1C0C0098C642 /* SegueEXPTests.xctest */,
				1FA9B8A5211B1C0C0098C642 /* SegueEXPUITests.xctest */,
			);
			name = Products;
			sourceTree = "<group>";
		};
		1FA9B888211B1C0C0098C642 /* SegueEXP */ = {
			isa = PBXGroup;
			children = (
				1FA9B889211B1C0C0098C642 /* AppDelegate.swift */,
				1FA9B88B211B1C0C0098C642 /* ViewController.swift */,
				1FA9B8B9211B2E5B0098C642 /* BlueViewController.swift */,
				1FA9B8BB211B2EF90098C642 /* GreenViewController.swift */,
				1FA9B88D211B1C0C0098C642 /* Main.storyboard */,
				1FA9B890211B1C0C0098C642 /* Assets.xcassets */,
				1FA9B892211B1C0C0098C642 /* LaunchScreen.storyboard */,
				1FA9B895211B1C0C0098C642 /* Info.plist */,
			);
			path = SegueEXP;
			sourceTree = "<group>";
		};
		1FA9B89D211B1C0C0098C642 /* SegueEXPTests */ = {
			isa = PBXGroup;
			children = (
				1FA9B89E211B1C0C0098C642 /* SegueEXPTests.swift */,
				1FA9B8A0211B1C0C0098C642 /* Info.plist */,
			);
			path = SegueEXPTests;
			sourceTree = "<group>";
		};
		1FA9B8A8211B1C0C0098C642 /* SegueEXPUITests */ = {
			isa = PBXGroup;
			children = (
				1FA9B8A9211B1C0C0098C642 /* SegueEXPUITests.swift */,
				1FA9B8AB211B1C0C0098C642 /* Info.plist */,
			);
			path = SegueEXPUITests;
			sourceTree = "<group>";
		};
/* End PBXGroup section */

/* Begin PBXNativeTarget section */
		1FA9B885211B1C0C0098C642 /* SegueEXP */ = {
			isa = PBXNativeTarget;
			buildConfigurationList = 1FA9B8AE211B1C0C0098C642 /* Build configuration list for PBXNativeTarget "SegueEXP" */;
			buildPhases = (
				1FA9B882211B1C0C0098C642 /* Sources */,
				1FA9B883211B1C0C0098C642 /* Frameworks */,
				1FA9B884211B1C0C0098C642 /* Resources */,
			);
			buildRules = (
			);
			dependencies = (
			);
			name = SegueEXP;
			productName = SegueEXP;
			productReference = 1FA9B886211B1C0C0098C642 /* SegueEXP.app */;
			productType = "com.apple.product-type.application";
		};
		1FA9B899211B1C0C0098C642 /* SegueEXPTests */ = {
			isa = PBXNativeTarget;
			buildConfigurationList = 1FA9B8B1211B1C0C0098C642 /* Build configuration list for PBXNativeTarget "SegueEXPTests" */;
			buildPhases = (
				1FA9B896211B1C0C0098C642 /* Sources */,
				1FA9B897211B1C0C0098C642 /* Frameworks */,
				1FA9B898211B1C0C0098C642 /* Resources */,
			);
			buildRules = (
			);
			dependencies = (
				1FA9B89C211B1C0C0098C642 /* PBXTargetDependency */,
			);
			name = SegueEXPTests;
			productName = SegueEXPTests;
			productReference = 1FA9B89A211B1C0C0098C642 /* SegueEXPTests.xctest */;
			productType = "com.apple.product-type.bundle.unit-test";
		};
		1FA9B8A4211B1C0C0098C642 /* SegueEXPUITests */ = {
			isa = PBXNativeTarget;
			buildConfigurationList = 1FA9B8B4211B1C0C0098C642 /* Build configuration list for PBXNativeTarget "SegueEXPUITests" */;
			buildPhases = (
				1FA9B8A1211B1C0C0098C642 /* Sources */,
				1FA9B8A2211B1C0C0098C642 /* Frameworks */,
				1FA9B8A3211B1C0C0098C642 /* Resources */,
			);
			buildRules = (
			);
			dependencies = (
				1FA9B8A7211B1C0C0098C642 /* PBXTargetDependency */,
			);
			name = SegueEXPUITests;
			productName = SegueEXPUITests;
			productReference = 1FA9B8A5211B1C0C0098C642 /* SegueEXPUITests.xctest */;
			productType = "com.apple.product-type.bundle.ui-testing";
		};
/* End PBXNativeTarget section */

/* Begin PBXProject section */
		1FA9B87E211B1C0B0098C642 /* Project object */ = {
			isa = PBXProject;
			attributes = {
				LastSwiftUpdateCheck = 0940;
				LastUpgradeCheck = 0940;
				ORGANIZATIONNAME = Academy;
				TargetAttributes = {
					1FA9B885211B1C0C0098C642 = {
						CreatedOnToolsVersion = 9.4.1;
					};
					1FA9B899211B1C0C0098C642 = {
						CreatedOnToolsVersion = 9.4.1;
						TestTargetID = 1FA9B885211B1C0C0098C642;
					};
					1FA9B8A4211B1C0C0098C642 = {
						CreatedOnToolsVersion = 9.4.1;
						TestTargetID = 1FA9B885211B1C0C0098C642;
					};
				};
			};
			buildConfigurationList = 1FA9B881211B1C0B0098C642 /* Build configuration list for PBXProject "SegueEXP" */;
			compatibilityVersion = "Xcode 9.3";
			developmentRegion = en;
			hasScannedForEncodings = 0;
			knownRegions = (
				en,
				Base,
			);
			mainGroup = 1FA9B87D211B1C0B0098C642;
			productRefGroup = 1FA9B887211B1C0C0098C642 /* Products */;
			projectDirPath = "";
			projectRoot = "";
			targets = (
				1FA9B885211B1C0C0098C642 /* SegueEXP */,
				1FA9B899211B1C0C0098C642 /* SegueEXPTests */,
				1FA9B8A4211B1C0C0098C642 /* SegueEXPUITests */,
			);
		};
/* End PBXProject section */

/* Begin PBXResourcesBuildPhase section */
		1FA9B884211B1C0C0098C642 /* Resources */ = {
			isa = PBXResourcesBuildPhase;
			buildActionMask = 2147483647;
			files = (
				1FA9B894211B1C0C0098C642 /* LaunchScreen.storyboard in Resources */,
				1FA9B891211B1C0C0098C642 /* Assets.xcassets in Resources */,
				1FA9B88F211B1C0C0098C642 /* Main.storyboard in Resources */,
			);
			runOnlyForDeploymentPostprocessing = 0;
		};
		1FA9B898211B1C0C0098C642 /* Resources */ = {
			isa = PBXResourcesBuildPhase;
			buildActionMask = 2147483647;
			files = (
			);
			runOnlyForDeploymentPostprocessing = 0;
		};
		1FA9B8A3211B1C0C0098C642 /* Resources */ = {
			isa = PBXResourcesBuildPhase;
			buildActionMask = 2147483647;
			files = (
			);
			runOnlyForDeploymentPostprocessing = 0;
		};
/* End PBXResourcesBuildPhase section */

/* Begin PBXSourcesBuildPhase section */
		1FA9B882211B1C0C0098C642 /* Sources */ = {
			isa = PBXSourcesBuildPhase;
			buildActionMask = 2147483647;
			files = (
				1FA9B8BC211B2EF90098C642 /* GreenViewController.swift in Sources */,
				1FA9B88C211B1C0C0098C642 /* ViewController.swift in Sources */,
				1FA9B8BA211B2E5B0098C642 /* BlueViewController.swift in Sources */,
				1FA9B88A211B1C0C0098C642 /* AppDelegate.swift in Sources */,
			);
			runOnlyForDeploymentPostprocessing = 0;
		};
		1FA9B896211B1C0C0098C642 /* Sources */ = {
			isa = PBXSourcesBuildPhase;
			buildActionMask = 2147483647;
			files = (
				1FA9B89F211B1C0C0098C642 /* SegueEXPTests.swift in Sources */,
			);
			runOnlyForDeploymentPostprocessing = 0;
		};
		1FA9B8A1211B1C0C0098C642 /* Sources */ = {
			isa = PBXSourcesBuildPhase;
			buildActionMask = 2147483647;
			files = (
				1FA9B8AA211B1C0C0098C642 /* SegueEXPUITests.swift in Sources */,
			);
			runOnlyForDeploymentPostprocessing = 0;
		};
/* End PBXSourcesBuildPhase section */

/* Begin PBXTargetDependency section */
		1FA9B89C211B1C0C0098C642 /* PBXTargetDependency */ = {
			isa = PBXTargetDependency;
			target = 1FA9B885211B1C0C0098C642 /* SegueEXP */;
			targetProxy = 1FA9B89B211B1C0C0098C642 /* PBXContainerItemProxy */;
		};
		1FA9B8A7211B1C0C0098C642 /* PBXTargetDependency */ = {
			isa = PBXTargetDependency;
			target = 1FA9B885211B1C0C0098C642 /* SegueEXP */;
			targetProxy = 1FA9B8A6211B1C0C0098C642 /* PBXContainerItemProxy */;
		};
/* End PBXTargetDependency section */

/* Begin PBXVariantGroup section */
		1FA9B88D211B1C0C0098C642 /* Main.storyboard */ = {
			isa = PBXVariantGroup;
			children = (
				1FA9B88E211B1C0C0098C642 /* Base */,
			);
			name = Main.storyboard;
			sourceTree = "<group>";
		};
		1FA9B892211B1C0C0098C642 /* LaunchScreen.storyboard */ = {
			isa = PBXVariantGroup;
			children = (
				1FA9B893211B1C0C0098C642 /* Base */,
			);
			name = LaunchScreen.storyboard;
			sourceTree = "<group>";
		};
/* End PBXVariantGroup section */

/* Begin XCBuildConfiguration section */
		1FA9B8AC211B1C0C0098C642 /* Debug */ = {
			isa = XCBuildConfiguration;
			buildSettings = {
				ALWAYS_SEARCH_USER_PATHS = NO;
				CLANG_ANALYZER_NONNULL = YES;
				CLANG_ANALYZER_NUMBER_OBJECT_CONVERSION = YES_AGGRESSIVE;
				CLANG_CXX_LANGUAGE_STANDARD = "gnu++14";
				CLANG_CXX_LIBRARY = "libc++";
				CLANG_ENABLE_MODULES = YES;
				CLANG_ENABLE_OBJC_ARC = YES;
				CLANG_ENABLE_OBJC_WEAK = YES;
				CLANG_WARN_BLOCK_CAPTURE_AUTORELEASING = YES;
				CLANG_WARN_BOOL_CONVERSION = YES;
				CLANG_WARN_COMMA = YES;
				CLANG_WARN_CONSTANT_CONVERSION = YES;
				CLANG_WARN_DEPRECATED_OBJC_IMPLEMENTATIONS = YES;
				CLANG_WARN_DIRECT_OBJC_ISA_USAGE = YES_ERROR;
				CLANG_WARN_DOCUMENTATION_COMMENTS = YES;
				CLANG_WARN_EMPTY_BODY = YES;
				CLANG_WARN_ENUM_CONVERSION = YES;
				CLANG_WARN_INFINITE_RECURSION = YES;
				CLANG_WARN_INT_CONVERSION = YES;
				CLANG_WARN_NON_LITERAL_NULL_CONVERSION = YES;
				CLANG_WARN_OBJC_IMPLICIT_RETAIN_SELF = YES;
				CLANG_WARN_OBJC_LITERAL_CONVERSION = YES;
				CLANG_WARN_OBJC_ROOT_CLASS = YES_ERROR;
				CLANG_WARN_RANGE_LOOP_ANALYSIS = YES;
				CLANG_WARN_STRICT_PROTOTYPES = YES;
				CLANG_WARN_SUSPICIOUS_MOVE = YES;
				CLANG_WARN_UNGUARDED_AVAILABILITY = YES_AGGRESSIVE;
				CLANG_WARN_UNREACHABLE_CODE = YES;
				CLANG_WARN__DUPLICATE_METHOD_MATCH = YES;
				CODE_SIGN_IDENTITY = "iPhone Developer";
				COPY_PHASE_STRIP = NO;
				DEBUG_INFORMATION_FORMAT = dwarf;
				ENABLE_STRICT_OBJC_MSGSEND = YES;
				ENABLE_TESTABILITY = YES;
				GCC_C_LANGUAGE_STANDARD = gnu11;
				GCC_DYNAMIC_NO_PIC = NO;
				GCC_NO_COMMON_BLOCKS = YES;
				GCC_OPTIMIZATION_LEVEL = 0;
				GCC_PREPROCESSOR_DEFINITIONS = (
					"DEBUG=1",
					"$(inherited)",
				);
				GCC_WARN_64_TO_32_BIT_CONVERSION = YES;
				GCC_WARN_ABOUT_RETURN_TYPE = YES_ERROR;
				GCC_WARN_UNDECLARED_SELECTOR = YES;
				GCC_WARN_UNINITIALIZED_AUTOS = YES_AGGRESSIVE;
				GCC_WARN_UNUSED_FUNCTION = YES;
				GCC_WARN_UNUSED_VARIABLE = YES;
				IPHONEOS_DEPLOYMENT_TARGET = 11.4;
				MTL_ENABLE_DEBUG_INFO = YES;
				ONLY_ACTIVE_ARCH = YES;
				SDKROOT = iphoneos;
				SWIFT_ACTIVE_COMPILATION_CONDITIONS = DEBUG;
				SWIFT_OPTIMIZATION_LEVEL = "-Onone";
			};
			name = Debug;
		};
		1FA9B8AD211B1C0C0098C642 /* Release */ = {
			isa = XCBuildConfiguration;
			buildSettings = {
				ALWAYS_SEARCH_USER_PATHS = NO;
				CLANG_ANALYZER_NONNULL = YES;
				CLANG_ANALYZER_NUMBER_OBJECT_CONVERSION = YES_AGGRESSIVE;
				CLANG_CXX_LANGUAGE_STANDARD = "gnu++14";
				CLANG_CXX_LIBRARY = "libc++";
				CLANG_ENABLE_MODULES = YES;
				CLANG_ENABLE_OBJC_ARC = YES;
				CLANG_ENABLE_OBJC_WEAK = YES;
				CLANG_WARN_BLOCK_CAPTURE_AUTORELEASING = YES;
				CLANG_WARN_BOOL_CONVERSION = YES;
				CLANG_WARN_COMMA = YES;
				CLANG_WARN_CONSTANT_CONVERSION = YES;
				CLANG_WARN_DEPRECATED_OBJC_IMPLEMENTATIONS = YES;
				CLANG_WARN_DIRECT_OBJC_ISA_USAGE = YES_ERROR;
				CLANG_WARN_DOCUMENTATION_COMMENTS = YES;
				CLANG_WARN_EMPTY_BODY = YES;
				CLANG_WARN_ENUM_CONVERSION = YES;
				CLANG_WARN_INFINITE_RECURSION = YES;
				CLANG_WARN_INT_CONVERSION = YES;
				CLANG_WARN_NON_LITERAL_NULL_CONVERSION = YES;
				CLANG_WARN_OBJC_IMPLICIT_RETAIN_SELF = YES;
				CLANG_WARN_OBJC_LITERAL_CONVERSION = YES;
				CLANG_WARN_OBJC_ROOT_CLASS = YES_ERROR;
				CLANG_WARN_RANGE_LOOP_ANALYSIS = YES;
				CLANG_WARN_STRICT_PROTOTYPES = YES;
				CLANG_WARN_SUSPICIOUS_MOVE = YES;
				CLANG_WARN_UNGUARDED_AVAILABILITY = YES_AGGRESSIVE;
				CLANG_WARN_UNREACHABLE_CODE = YES;
				CLANG_WARN__DUPLICATE_METHOD_MATCH = YES;
				CODE_SIGN_IDENTITY = "iPhone Developer";
				COPY_PHASE_STRIP = NO;
				DEBUG_INFORMATION_FORMAT = "dwarf-with-dsym";
				ENABLE_NS_ASSERTIONS = NO;
				ENABLE_STRICT_OBJC_MSGSEND = YES;
				GCC_C_LANGUAGE_STANDARD = gnu11;
				GCC_NO_COMMON_BLOCKS = YES;
				GCC_WARN_64_TO_32_BIT_CONVERSION = YES;
				GCC_WARN_ABOUT_RETURN_TYPE = YES_ERROR;
				GCC_WARN_UNDECLARED_SELECTOR = YES;
				GCC_WARN_UNINITIALIZED_AUTOS = YES_AGGRESSIVE;
				GCC_WARN_UNUSED_FUNCTION = YES;
				GCC_WARN_UNUSED_VARIABLE = YES;
				IPHONEOS_DEPLOYMENT_TARGET = 11.4;
				MTL_ENABLE_DEBUG_INFO = NO;
				SDKROOT = iphoneos;
				SWIFT_COMPILATION_MODE = wholemodule;
				SWIFT_OPTIMIZATION_LEVEL = "-O";
				VALIDATE_PRODUCT = YES;
			};
			name = Release;
		};
		1FA9B8AF211B1C0C0098C642 /* Debug */ = {
			isa = XCBuildConfiguration;
			buildSettings = {
				ASSETCATALOG_COMPILER_APPICON_NAME = AppIcon;
				CODE_SIGN_STYLE = Automatic;
				DEVELOPMENT_TEAM = T9WDNLZLLU;
				INFOPLIST_FILE = SegueEXP/Info.plist;
				LD_RUNPATH_SEARCH_PATHS = (
					"$(inherited)",
					"@executable_path/Frameworks",
				);
				PRODUCT_BUNDLE_IDENTIFIER = com.academy.SegueEXP;
				PRODUCT_NAME = "$(TARGET_NAME)";
				SWIFT_VERSION = 4.0;
				TARGETED_DEVICE_FAMILY = "1,2";
			};
			name = Debug;
		};
		1FA9B8B0211B1C0C0098C642 /* Release */ = {
			isa = XCBuildConfiguration;
			buildSettings = {
				ASSETCATALOG_COMPILER_APPICON_NAME = AppIcon;
				CODE_SIGN_STYLE = Automatic;
				DEVELOPMENT_TEAM = T9WDNLZLLU;
				INFOPLIST_FILE = SegueEXP/Info.plist;
				LD_RUNPATH_SEARCH_PATHS = (
					"$(inherited)",
					"@executable_path/Frameworks",
				);
				PRODUCT_BUNDLE_IDENTIFIER = com.academy.SegueEXP;
				PRODUCT_NAME = "$(TARGET_NAME)";
				SWIFT_VERSION = 4.0;
				TARGETED_DEVICE_FAMILY = "1,2";
			};
			name = Release;
		};
		1FA9B8B2211B1C0C0098C642 /* Debug */ = {
			isa = XCBuildConfiguration;
			buildSettings = {
				ALWAYS_EMBED_SWIFT_STANDARD_LIBRARIES = YES;
				BUNDLE_LOADER = "$(TEST_HOST)";
				CODE_SIGN_STYLE = Automatic;
				DEVELOPMENT_TEAM = T9WDNLZLLU;
				INFOPLIST_FILE = SegueEXPTests/Info.plist;
				LD_RUNPATH_SEARCH_PATHS = (
					"$(inherited)",
					"@executable_path/Frameworks",
					"@loader_path/Frameworks",
				);
				PRODUCT_BUNDLE_IDENTIFIER = com.academy.SegueEXPTests;
				PRODUCT_NAME = "$(TARGET_NAME)";
				SWIFT_VERSION = 4.0;
				TARGETED_DEVICE_FAMILY = "1,2";
				TEST_HOST = "$(BUILT_PRODUCTS_DIR)/SegueEXP.app/SegueEXP";
			};
			name = Debug;
		};
		1FA9B8B3211B1C0C0098C642 /* Release */ = {
			isa = XCBuildConfiguration;
			buildSettings = {
				ALWAYS_EMBED_SWIFT_STANDARD_LIBRARIES = YES;
				BUNDLE_LOADER = "$(TEST_HOST)";
				CODE_SIGN_STYLE = Automatic;
				DEVELOPMENT_TEAM = T9WDNLZLLU;
				INFOPLIST_FILE = SegueEXPTests/Info.plist;
				LD_RUNPATH_SEARCH_PATHS = (
					"$(inherited)",
					"@executable_path/Frameworks",
					"@loader_path/Frameworks",
				);
				PRODUCT_BUNDLE_IDENTIFIER = com.academy.SegueEXPTests;
				PRODUCT_NAME = "$(TARGET_NAME)";
				SWIFT_VERSION = 4.0;
				TARGETED_DEVICE_FAMILY = "1,2";
				TEST_HOST = "$(BUILT_PRODUCTS_DIR)/SegueEXP.app/SegueEXP";
			};
			name = Release;
		};
		1FA9B8B5211B1C0C0098C642 /* Debug */ = {
			isa = XCBuildConfiguration;
			buildSettings = {
				ALWAYS_EMBED_SWIFT_STANDARD_LIBRARIES = YES;
				CODE_SIGN_STYLE = Automatic;
				DEVELOPMENT_TEAM = T9WDNLZLLU;
				INFOPLIST_FILE = SegueEXPUITests/Info.plist;
				LD_RUNPATH_SEARCH_PATHS = (
					"$(inherited)",
					"@executable_path/Frameworks",
					"@loader_path/Frameworks",
				);
				PRODUCT_BUNDLE_IDENTIFIER = com.academy.SegueEXPUITests;
				PRODUCT_NAME = "$(TARGET_NAME)";
				SWIFT_VERSION = 4.0;
				TARGETED_DEVICE_FAMILY = "1,2";
				TEST_TARGET_NAME = SegueEXP;
			};
			name = Debug;
		};
		1FA9B8B6211B1C0C0098C642 /* Release */ = {
			isa = XCBuildConfiguration;
			buildSettings = {
				ALWAYS_EMBED_SWIFT_STANDARD_LIBRARIES = YES;
				CODE_SIGN_STYLE = Automatic;
				DEVELOPMENT_TEAM = T9WDNLZLLU;
				INFOPLIST_FILE = SegueEXPUITests/Info.plist;
				LD_RUNPATH_SEARCH_PATHS = (
					"$(inherited)",
					"@executable_path/Frameworks",
					"@loader_path/Frameworks",
				);
				PRODUCT_BUNDLE_IDENTIFIER = com.academy.SegueEXPUITests;
				PRODUCT_NAME = "$(TARGET_NAME)";
				SWIFT_VERSION = 4.0;
				TARGETED_DEVICE_FAMILY = "1,2";
				TEST_TARGET_NAME = SegueEXP;
			};
			name = Release;
		};
/* End XCBuildConfiguration section */

/* Begin XCConfigurationList section */
		1FA9B881211B1C0B0098C642 /* Build configuration list for PBXProject "SegueEXP" */ = {
			isa = XCConfigurationList;
			buildConfigurations = (
				1FA9B8AC211B1C0C0098C642 /* Debug */,
				1FA9B8AD211B1C0C0098C642 /* Release */,
			);
			defaultConfigurationIsVisible = 0;
			defaultConfigurationName = Release;
		};
		1FA9B8AE211B1C0C0098C642 /* Build configuration list for PBXNativeTarget "SegueEXP" */ = {
			isa = XCConfigurationList;
			buildConfigurations = (
				1FA9B8AF211B1C0C0098C642 /* Debug */,
				1FA9B8B0211B1C0C0098C642 /* Release */,
			);
			defaultConfigurationIsVisible = 0;
			defaultConfigurationName = Release;
		};
		1FA9B8B1211B1C0C0098C642 /* Build configuration list for PBXNativeTarget "SegueEXPTests" */ = {
			isa = XCConfigurationList;
			buildConfigurations = (
				1FA9B8B2211B1C0C0098C642 /* Debug */,
				1FA9B8B3211B1C0C0098C642 /* Release */,
			);
			defaultConfigurationIsVisible = 0;
			defaultConfigurationName = Release;
		};
		1FA9B8B4211B1C0C0098C642 /* Build configuration list for PBXNativeTarget "SegueEXPUITests" */ = {
			isa = XCConfigurationList;
			buildConfigurations = (
				1FA9B8B5211B1C0C0098C642 /* Debug */,
				1FA9B8B6211B1C0C0098C642 /* Release */,
			);
			defaultConfigurationIsVisible = 0;
			defaultConfigurationName = Release;
		};
/* End XCConfigurationList section */
	};
	rootObject = 1FA9B87E211B1C0B0098C642 /* Project object */;
}
